lockfileVersion: '9.0'

settings:
  autoInstallPeers: true
  excludeLinksFromLockfile: false

importers:

  .:
    dependencies:
      firebase:
        specifier: ^12.19.0
        version: 12.19.0
      nodemailer:
        specifier: 10.0.10
        version: 10.0.10
      pg:
        specifier: 8.23.0
        version: 8.23.0
    devDependencies:
      '@rollup/plugin-node-resolve':
        specifier: ^16.0.3
        version: 16.0.3(rollup@4.63.3)
      fake-indexeddb:
        specifier: ^6.2.5
        version: 6.2.5
      rollup:
        specifier: ^4.63.3
        version: 4.63.3

packages:

  '@firebase/ai@2.16.0':
    resolution: {integrity: sha512-WRVxl58B61Orwf7st7949ZIW2L4huV80Gpaum1z8v2eH+m2xaxWtC8mOjQyVAOirr6O/yf89cBjlPvoyBpBfTg==}
    engines: {node: '>=20.0.0'}
    peerDependencies:
      '@firebase/app': 0.x
      '@firebase/app-types': 0.x

  '@firebase/analytics-compat@0.2.31':
    resolution: {integrity: sha512-msTlG9REujk5rjtOHNLngiuPmvaWGQte8ugL4/F6ZCMb+92Ue7SgjSEpNxINkM8ZtTrbGS83j5SZkt0r+M1Tjw==}
    peerDependencies:
      '@firebase/app': 0.x
      '@firebase/app-compat': 0.x

  '@firebase/analytics-types@0.8.5':
    resolution: {integrity: sha512-kdnooE7Bis2jEnsqcerRwn/UQpH5D3uvHpku7OdUM9TJN3omlu6iYtbyAQ6XkAJRgJtO0aNf9OOkW8J6D59oCA==}

  '@firebase/analytics@0.10.25':
    resolution: {integrity: sha512-oDagV3PHeNXBdxemksZCdj+GmUT19eCnTOcLdQePIIovFXlm3zWy3Gjeaokt9Nqx24kc4ljK8lU0XGcGmmKZ1A==}
    peerDependencies:
      '@firebase/app': 0.x

  '@firebase/app-check-compat@0.4.7':
    resolution: {integrity: sha512-fBb/xSMyIKv1nDmccfzz3IAGBzx/cQOxmZai66rJzifb1hMMkztf824Xx7LhpTUe7HNUbXwY90IvJ66fi8q6yg==}
    engines: {node: '>=20.0.0'}
    peerDependencies:
      '@firebase/app': 0.x
      '@firebase/app-compat': 0.x

  '@firebase/app-check-interop-types@0.3.5':
    resolution: {integrity: sha512-qId34pVZ2CXTmtu4ofW5leiI93DvnOvIcr/5GT7MZPw5WXAi6nZoU+g9cNRgl7K90UJSbK0cXxten4meYMPyZg==}

  '@firebase/app-check-types@0.5.5':
    resolution: {integrity: sha512-+DF4gzFrlwGFyky38o4T/YN/r51l70yCtJ2HTkwmRj8FCMwPjm4hLH4fQbj6BUvzkiFqliBkitFsRpf1/YZkWA==}

  '@firebase/app-check@0.13.1':
    resolution: {integrity: sha512-l8y3dmnhodXks/APAwx4tWqRl3tk8b9874KF1FJyKg1DIU+kMD0l52iz7S9/MW+eK8k6cjJg0G0iJ5KQAsQpow==}
    engines: {node: '>=20.0.0'}
    peerDependencies:
      '@firebase/app': 0.x

  '@firebase/app-compat@0.5.18':
    resolution: {integrity: sha512-77H57WuGEsgrv59HdtuhHG+eQdP8di6myz7O93yW6yTZlR/tLSmsCxCq5vHp6AWWDwSV0EVtKUvizXQiQZVBWA==}
    engines: {node: '>=20.0.0'}

  '@firebase/app-types@0.9.6':
    resolution: {integrity: sha512-yPLahy7Esfu2w/yme3msVK4xTkDXQqq6szfQn8yVOQpCKiT5GVFjqNpLbuz6NkX0WuTwUidkmPewW3r4xkvpeg==}

  '@firebase/app@0.16.2':
    resolution: {integrity: sha512-fyCLPahl3r0Zb7Wzm+JLWcOOH3SaDgAyJzJ8EWIDiv51aNiv+2Pjbpa6myEuP7iXxjmJqrcbVm0GUF7h229T1Q==}
    engines: {node: '>=20.0.0'}

  '@firebase/auth-compat@0.6.11':
    resolution: {integrity: sha512-L+xp3DTJQrBV08Vt0UhcL/ofUOSjXom7JOJfbT6oas4o7gCrQnTYFKs8wfiuKLmHoo8BxMr5LdgjAs7o6aAsqQ==}
    engines: {node: '>=20.0.0'}
    peerDependencies:
      '@firebase/app': 0.x
      '@firebase/app-compat': 0.x

  '@firebase/auth-interop-types@0.2.6':
    resolution: {integrity: sha512-FgwZqDrBqgK0BHI70QTv1v/5wmuDF9f8fsJFvKSxoRlK2PPfSQtZAk2jhXu4pe9BZzFi/e4UYusU/bEQHdf6Qg==}

  '@firebase/auth-types@0.13.2':
    resolution: {integrity: sha512-OU+miuoSxIWYN7GT291d2ylVJBL3k/OePo7/JDSoQtkFQoEiGBc4AHuMjj/seqFIsHrqnjrAfRCk4pfufoJolQ==}
    peerDependencies:
      '@firebase/app-types': 0.x
      '@firebase/util': 1.x

  '@firebase/auth@1.13.6':
    resolution: {integrity: sha512-MKRLvF72HJ/irNn2fJR0Gv5FOZNtqv1IBeJHRwK8l8pZ/wi9vuUw8ecyCMvQDDNxfS6uW0MWACL5KC4Y8Pp+fA==}
    engines: {node: '>=20.0.0'}
    peerDependencies:
      '@firebase/app': 0.x
      '@react-native-async-storage/async-storage': ^2.2.0 || ^3.0.0
    peerDependenciesMeta:
      '@react-native-async-storage/async-storage':
        optional: true

  '@firebase/component@0.7.5':
    resolution: {integrity: sha512-vuFDcL91Q+2ZuBJkyOh86T4q0B4ffNTDjc/A38tybO56odQABxRTFLTIowCWqAKeIcgo37GowWMVgFF73gD8Qw==}
    engines: {node: '>=20.0.0'}

  '@firebase/data-connect@0.7.4':
    resolution: {integrity: sha512-su1aGWlzhxb+xtggCUSsufJn1FDa06SBDK71y+fpQ+g2zMhMExik6FUv/odkKzOF/xfWVjabCbWBcjJY3MceDA==}
    peerDependencies:
      '@firebase/app': 0.x

  '@firebase/database-compat@2.1.7':
    resolution: {integrity: sha512-lBq9sJm8MnJINKJnkAKSOj2MbC66xGoSVCcGkPtstl+lkoKEBtD46qHLbuDgW/WbLPoKVm17RIN8BxHj+Z2F2w==}
    engines: {node: '>=20.0.0'}
    peerDependencies:
      '@firebase/app': 0.x
      '@firebase/app-compat': 0.x
    peerDependenciesMeta:
      '@firebase/app':
        optional: true
      '@firebase/app-compat':
        optional: true

  '@firebase/database-types@1.0.22':
    resolution: {integrity: sha512-YAZNXsjY9EQQ+pKw/3ax8n5FgolHC7Qew7EY5RceYdl0R2ZP+kCv1O0DkKlcceue8uQCOreHCNN7PWVFpY1Nug==}

  '@firebase/database@1.1.5':
    resolution: {integrity: sha512-/JGpvszLoNXNgzilRXocigGfFF4hbcPA9wN1i1kjJx6oKkXgkHteZYl3lQs1lJX3ETDf6bv7zI15lPMVUp4sAQ==}
    engines: {node: '>=20.0.0'}

  '@firebase/firestore-compat@0.4.14':
    resolution: {integrity: sha512-HJ2HBNgNPrRsWIJ4E+Kc0u0h1U7HlF7If8AtYjie9HZXlMUmwYSJaXBj9VFm6gkSj5dlKZNcOQ0Ou25CVVG6rA==}
    engines: {node: '>=20.0.0'}
    peerDependencies:
      '@firebase/app': 0.x
      '@firebase/app-compat': 0.x

  '@firebase/firestore-types@3.0.5':
    resolution: {integrity: sha512-dbdMAQkMd5dwWc48eupz/Y6/E9ruat3+gY5lhVKscvvT/HnDBEEMzJW38zdKhgdnglZHGk2vUsJMOHAphMHGMA==}
    peerDependencies:
      '@firebase/app-types': 0.x
      '@firebase/util': 1.x

  '@firebase/firestore@4.17.2':
    resolution: {integrity: sha512-SiyQEK1dYPOjItFVA+kZGdvOoRAtMebDBvUaSxJPNZMkKcRwYYK2kzWo5UXTZZj523uMxJnkr+KKVySEMme3kQ==}
    engines: {node: '>=20.0.0'}
    peerDependencies:
      '@firebase/app': 0.x

  '@firebase/functions-compat@0.5.0':
    resolution: {integrity: sha512-T3BDIToESZUHt7438wyKYMkRjKg3m1xAIux5fVpNvTRQlDOFLukWniQWBDhJ2znpU9kxMTR6+e31TVo8P15PZw==}
    engines: {node: '>=20.0.0'}
    peerDependencies:
      '@firebase/app': 0.x
      '@firebase/app-compat': 0.x

  '@firebase/functions-types@0.6.5':
    resolution: {integrity: sha512-Zc0pURjthHXzSj54ZivCkzKDSV1r/wIpnmHdhq82q2yFFPVoncG/ZJjnVMiANvQfeww/QnElhzODpfwUucVwdA==}

  '@firebase/functions@0.14.0':
    resolution: {integrity: sha512-DhuYFr0eMhp+s/PNEk6SiMsYkc00+XVOUeKbrl8MOzQNZI3SKQpqoDR1d+keNDAutwmHRWTUAdXBoVPD+xxVUw==}
    engines: {node: '>=20.0.0'}
    peerDependencies:
      '@firebase/app': 0.x

  '@firebase/installations-compat@0.2.24':
    resolution: {integrity: sha512-8M5nlcWwYt881x83COP2odq5vgf+NgwJh+RMd4LRSv8JI1pxwDfgrDJOERrjTgfC9J5Z0vnQX4b1pdN914e0Zw==}
    peerDependencies:
      '@firebase/app': 0.x
      '@firebase/app-compat': 0.x

  '@firebase/installations-types@0.5.5':
    resolution: {integrity: sha512-e9UYcju3puDl1vdrcKIi5dExzHLameOT/Tc61Q48PYwxtsM1NzZh/ikGbdBQTsbRgg0EMZqdPr0/m5ODUBobrg==}
    peerDependencies:
      '@firebase/app-types': 0.x

  '@firebase/installations@0.6.24':
    resolution: {integrity: sha512-Ui52ey8wHoWqkBbXRKJEKYWylI0JZogZmoLS+o8Anh1bxWtK27ZYjLla1UJAAdC5DCKLJ2qAp0VpJOjg8VOX1g==}
    peerDependencies:
      '@firebase/app': 0.x

  '@firebase/logger@0.5.2':
    resolution: {integrity: sha512-J2VO4NFTc0xQFrxV1B/lm5balicm9cwuX2acR9Yn41fN8KgUeQFo+VJV222IqW2FPSXKDu9uo5WdQFWf9TPbYg==}
    engines: {node: '>=20.0.0'}

  '@firebase/messaging-compat@0.2.30':
    resolution: {integrity: sha512-m1DPT2ET5x0qYqXLoHwKMAyf1mgZZOhuoE6H6/H4OPsp8zSxMIDEFPaW7MaffPJsCA5J7kHzo+BHVNXK4ZoV+w==}
    peerDependencies:
      '@firebase/app': 0.x
      '@firebase/app-compat': 0.x

  '@firebase/messaging-interop-types@0.2.6':
    resolution: {integrity: sha512-MVzvkKe2V4H2dHu5oOxRfeKQcfTwWmCgnzsC4V1q3ixun5iiL8riCZ2qI35rDhCL4glPGiu0jHxDbpVNuTKfow==}

  '@firebase/messaging@0.13.3':
    resolution: {integrity: sha512-nRXPAp+z0kA3KziJtRY9kktHECvRwaaONzHvislFgllhCwJMscW7icWNQA5IjyP8Uc2+GS/4px8Uz6rx6ftTag==}
    peerDependencies:
      '@firebase/app': 0.x

  '@firebase/performance-compat@0.2.27':
    resolution: {integrity: sha512-O/ozTf/EbChN94Pk7bd1eUC0PAC36726AwsaiJyC0bZzSBWfLGSWASGPH5pebUWXQPJtGxIJYRkkbX5l0Qa+Hw==}
    peerDependencies:
      '@firebase/app': 0.x
      '@firebase/app-compat': 0.x

  '@firebase/performance-types@0.2.5':
    resolution: {integrity: sha512-PRzOgB+/M+6AKlEkY8a9xy5Ff5SfZPIh4iShXhn2WAcL/euSbK7bdLqWysHduunNJhGFsXa22Ag3ixqL6rQtYg==}

  '@firebase/performance@0.7.14':
    resolution: {integrity: sha512-9PH1XEZVHErxGdbXluvGz4Uyjw4W955H8v7Mv9rHIybRrg5F2Ac2tvf5+mSf5EtnxWNmxrD2WLnvMFaZP4sMrQ==}
    peerDependencies:
      '@firebase/app': 0.x

  '@firebase/remote-config-compat@0.2.29':
    resolution: {integrity: sha512-mY7JtTISK6F4g4T0x3kVepr5cp0NXL7f5yjIUXXGaTrg4qUlFBWRbENaHaqZ78dwmNcLm24h/yPsOVRlDXEXhA==}
    peerDependencies:
      '@firebase/app': 0.x
      '@firebase/app-compat': 0.x

  '@firebase/remote-config-types@0.5.2':
    resolution: {integrity: sha512-i8k1omVfoAnaT1ZPv2FFjxMZrATYsO/GnFgHEj5+7fAJLzi8wLnGGv1WK06oEAD6ltrWXSO1HzeNyajn/NjMWw==}

  '@firebase/remote-config@0.9.2':
    resolution: {integrity: sha512-Rii93DkXjM+RE/ytHdYa7EIiQLJbdBr+W8EEiqd/vbLCOC+1FdkDuRiumJBp6t3yewHGbdqbpjB3fk3z0cZ+8g==}
    peerDependencies:
      '@firebase/app': 0.x

  '@firebase/storage-compat@0.4.5':
    resolution: {integrity: sha512-vO0tFPxXbKDKdlTu8tYT08S9t9ezUTJYEdLCULpWxWq2aq6zojwN1QmAB+1a50AI/g47GlWUJn1XPncm/PDZsw==}
    engines: {node: '>=20.0.0'}
    peerDependencies:
      '@firebase/app': 0.x
      '@firebase/app-compat': 0.x

  '@firebase/storage-types@0.8.5':
    resolution: {integrity: sha512-GEDs5P+rNUfNcS+wxIdOLAHficife2YXtvTJnyi3ssrX11AAtBg+nDUdbYh8vuBzWehVQZPmztGUUnud4L+4yg==}
    peerDependencies:
      '@firebase/app-types': 0.x
      '@firebase/util': 1.x

  '@firebase/storage@0.14.5':
    resolution: {integrity: sha512-r2tozN/BlEewLi70tJNUQPzWwbex9GM7NgXZsamHKQrjKEfcR0i4jGgHBKAKA4hbwiPE9eNMb3hcxWnDpeJZwg==}
    engines: {node: '>=20.0.0'}
    peerDependencies:
      '@firebase/app': 0.x

  '@firebase/util@1.15.3':
    resolution: {integrity: sha512-c/z/gaIlaaLZEuGbE6sLUuJ61tskg1JghvhcNQzW948ASBinbVBBRnZTC4b4yt4LaEtJQkYlyzqLHcutFwEIvA==}
    engines: {node: '>=20.0.0'}

  '@firebase/webchannel-wrapper@1.0.7':
    resolution: {integrity: sha512-phBFwieDLvkZGYN9CE9ZFNEIoBVksprzsnCzQejCmCHtgwCXReeuRpoEGN9C4EbhONztv8NRV1tau6Rb9pONwQ==}

  '@grpc/grpc-js@1.9.16':
    resolution: {integrity: sha512-wE4Ut/olIzfKqp631XrG+wbF0v1vWFN4YL9FyXC2LJiG33DsV7PLzURjrCvY/6je2ntdRkeLpPDluzSRGaVltQ==}
    engines: {node: ^8.13.0 || >=10.10.0}

  '@grpc/proto-loader@0.7.15':
    resolution: {integrity: sha512-tMXdRCfYVixjuFK+Hk0Q1s38gV9zDiDJfWL3h1rv4Qc39oILCu1TRTDt7+fGUI8K4G1Fj125Hx/ru3azECWTyQ==}
    engines: {node: '>=6'}
    hasBin: true

  '@napi-rs/lzma-linux-x64-gnu@1.5.1':
    resolution: {integrity: sha512-oTXEIha4SsuXdTA4Iyskj0kpdx2yVXdhd75c2v3xGrHFfVMsbhTPZU/nMPL4sWKo4pBHm3aucLaqGlF696dTyQ==}
    engines: {node: ^22.20 || ^24.12 || >=25}
    cpu: [x64]
    os: [linux]
    libc: [glibc]

  '@protobufjs/aspromise@1.1.2':
    resolution: {integrity: sha512-j+gKExEuLmKwvz3OgROXtrJ2UG2x8Ch2YZUxahh+s1F2HZ+wAceUNLkvy6zKCPVRkU++ZWQrdxsUeQXmcg4uoQ==}

  '@protobufjs/base64@1.1.2':
    resolution: {integrity: sha512-AZkcAA5vnN/v4PDqKyMR5lx7hZttPDgClv83E//FMNhR2TMcLUhfRUBHCmSl0oi9zMgDDqRUJkSxO3wm85+XLg==}

  '@protobufjs/codegen@2.0.5':
    resolution: {integrity: sha512-zgXFLzW3Ap33e6d0Wlj4MGIm6Ce8O89n/apUaGNB/jx+hw+ruWEp7EwGUshdLKVRCxZW12fp9r40E1mQrf/34g==}

  '@protobufjs/eventemitter@1.1.1':
    resolution: {integrity: sha512-vW1GmwMZNnL+gMRaovlh9yZX74kc+TTU3FObkkurpMaRtBfLP3ldjS9KQWlwZgraRE0+dheEEoAxdzcJQ8eXZg==}

  '@protobufjs/fetch@1.1.1':
    resolution: {integrity: sha512-GpptLrs57adMSuHi3VNj0mAF8dwh36LMaYF6XyJ6JMWlVsc+t42tm1HSEDmOs3A8fC9yyeisgLhsTVQokOZ0zw==}

  '@protobufjs/float@1.0.2':
    resolution: {integrity: sha512-Ddb+kVXlXst9d+R9PfTIxh1EdNkgoRe5tOX6t01f1lYWOvJnSPDBlG241QLzcyPdoNTsblLUdujGSE4RzrTZGQ==}

  '@protobufjs/path@1.1.2':
    resolution: {integrity: sha512-6JOcJ5Tm08dOHAbdR3GrvP+yUUfkjG5ePsHYczMFLq3ZmMkAD98cDgcT2iA1lJ9NVwFd4tH/iSSoe44YWkltEA==}

  '@protobufjs/pool@1.1.0':
    resolution: {integrity: sha512-0kELaGSIDBKvcgS4zkjz1PeddatrjYcmMWOlAuAPwAeccUrPHdUqo/J6LiymHHEiJT5NrF1UVwxY14f+fy4WQw==}

  '@protobufjs/utf8@1.1.2':
    resolution: {integrity: sha512-b1UQwcEZ4yCnMCD8DAL1VlbvBJE9/IX4FTIp7BG1xYpf29SLazLSrqUkj4w7Y5y7cCVP6E5tcqqcI0xemPkHug==}

  '@rollup/plugin-node-resolve@16.0.3':
    resolution: {integrity: sha512-lUYM3UBGuM93CnMPG1YocWu7X802BrNF3jW2zny5gQyLQgRFJhV1Sq0Zi74+dh/6NBx1DxFC4b4GXg9wUCG5Qg==}
    engines: {node: '>=14.0.0'}
    peerDependencies:
      rollup: ^2.78.0||^3.0.0||^4.0.0
    peerDependenciesMeta:
      rollup:
        optional: true

  '@rollup/pluginutils@5.4.0':
    resolution: {integrity: sha512-MfPp06CjRLfXQ3wY0R8vJDYBy/MvVcc9OulEfR0B8Iv9ko+GCNaRZ+EpJYFl27LhKsZK0o420sYCRHCjfCgeUg==}
    engines: {node: '>=14.0.0'}
    peerDependencies:
      rollup: ^1.20.0||^2.0.0||^3.0.0||^4.0.0
    peerDependenciesMeta:
      rollup:
        optional: true

  '@rollup/rollup-android-arm-eabi@4.63.3':
    resolution: {integrity: sha512-w3Jnvi1ocaVm/c7yVPpfB98XeSRBMyzp6njL5MVVbGyXjpmUkN+s6Hp4t0PqhGCCaI1ZHMKXt/w0lA1RCaLVcw==}
    cpu: [arm]
    os: [android]

  '@rollup/rollup-android-arm64@4.63.3':
    resolution: {integrity: sha512-uI/ESiaIbbRYAEhzy8PCUWDp1hB0bjAqM06mW9flOoNO4Q8DQpeoREhBR5Hegfl+wpXiguyJv6XSPzEN7OxyHQ==}
    cpu: [arm64]
    os: [android]

  '@rollup/rollup-darwin-arm64@4.63.3':
    resolution: {integrity: sha512-oxhrd1jmXLwWZ83eQYDXxuqRdkqkzrjR3JobKeuUyfdNZo11FuQIvqEOZhyIT7OBHxXoGslDDjN0cQcM6T0TqQ==}
    cpu: [arm64]
    os: [darwin]

  '@rollup/rollup-darwin-x64@4.63.3':
    resolution: {integrity: sha512-7/YiIMghVE8DrxKvNdorAaJVdriOFgOIpdStnPx8ppx5zfTwC3jBCSEAIzB7JD5404m65THl6H93UTTVUvypmg==}
    cpu: [x64]
    os: [darwin]

  '@rollup/rollup-freebsd-arm64@4.63.3':
    resolution: {integrity: sha512-GXFZRRoMAytaI5z6N3Zhfw0WL18Q0M8r95D5hlC4GqE/lGk8pbSJNUBoOWDfbm6dTciqHj2nU87tI5f6XhQiOg==}
    cpu: [arm64]
    os: [freebsd]

  '@rollup/rollup-freebsd-x64@4.63.3':
    resolution: {integrity: sha512-77W+8X3ddYgPxUpB8nZFQs2Mq+wc4HVlcSRtApXLjYBcnPMkttrSnU8VwKQjeWYhMsITHFs5cWBQ8vz1Q+5RHQ==}
    cpu: [x64]
    os: [freebsd]

  '@rollup/rollup-linux-arm-gnueabihf@4.63.3':
    resolution: {integrity: sha512-FVkwK+iUC+mq+GipVK46rRVticfAPtvPUNlqlGXUDxdVk/UGjQiiiUVPUrEXdSpU2ufU0XxLGyTqDtBidDOVmg==}
    cpu: [arm]
    os: [linux]
    libc: [glibc]

  '@rollup/rollup-linux-arm-musleabihf@4.63.3':
    resolution: {integrity: sha512-+aGU1t3398yQOVj1Bz8o3e+KtswxAPvO+mtxtNdfXYMkXIHu7XhhkCD7/DEH9q8tF8uhDnMWvfpUKI8y1sZJsg==}
    cpu: [arm]
    os: [linux]
    libc: [musl]

  '@rollup/rollup-linux-arm64-gnu@4.63.3':
    resolution: {integrity: sha512-cR0kjpRXR2KJ2oQK8E2KTPtphs+b9hZ8IhTZubNryt/RsqgdOZBQ2Zq0q5UedtiIi0rs3jVhJh55RE1ZHUVGUA==}
    cpu: [arm64]
    os: [linux]
    libc: [glibc]

  '@rollup/rollup-linux-arm64-musl@4.63.3':
    resolution: {integrity: sha512-y1RYi4Q3/9ByVWSSt9kX2ustE0B7kFYbJ6zZdVZVyqopZs3yhCTwRfrjIX4vezUJInma/Gs6BOFDJg7yZmJ0IQ==}
    cpu: [arm64]
    os: [linux]
    libc: [musl]

  '@rollup/rollup-linux-loong64-gnu@4.63.3':
    resolution: {integrity: sha512-DNhEA5viIj3Z5bZLE4z4oV8N5ozWqDwyt7T6KG7VdLDJ0nW+rNOYlphBl4/3HQkK75qipPLsVOfStHHOwN9WSg==}
    cpu: [loong64]
    os: [linux]
    libc: [glibc]

  '@rollup/rollup-linux-loong64-musl@4.63.3':
    resolution: {integrity: sha512-17gQCqrIpXBX2Cmi9/TygnVOqGbzsba/iaqcYSL8FY7lNugg+7AiYNs5c5nKWD+NRQha36Sa0CqkJqH4XVHwnQ==}
    cpu: [loong64]
    os: [linux]
    libc: [musl]

  '@rollup/rollup-linux-ppc64-gnu@4.63.3':
    resolution: {integrity: sha512-6LwVnZRIyINpdku/yOcI8Tm9YqLmhHK5emmlOOnW9tO0SYEm1FmKPcsSAGp0NBlqR2P04xaND4jvN6sTHqhq8A==}
    cpu: [ppc64]
    os: [linux]
    libc: [glibc]

  '@rollup/rollup-linux-ppc64-musl@4.63.3':
    resolution: {integrity: sha512-xMUqkTXlEUtI/p5AAukMwBRr1enU3efsTeF+bskeFfk8t1C9rcC8sLREcZXmTfAXEbvRdJVSonVJez3TMlbR3w==}
    cpu: [ppc64]
    os: [linux]
    libc: [musl]

  '@rollup/rollup-linux-riscv64-gnu@4.63.3':
    resolution: {integrity: sha512-S3E94co9F9WRRqEaUoQZ38K1gCz6KiM+nL7/3ijq7fDGF3OznjS5TasgYITlvl27GQKtu4lOAOsr5MFwkijvOA==}
    cpu: [riscv64]
    os: [linux]
    libc: [glibc]

  '@rollup/rollup-linux-riscv64-musl@4.63.3':
    resolution: {integrity: sha512-1QtRDwG42x5BJI3s9mxu5rEjDnfbSnk20HQ9/ylTAYnSwYwxMVb+Vgu34wzzTQ7ogqBybebgQNUDAvZVQ38DbA==}
    cpu: [riscv64]
    os: [linux]
    libc: [musl]

  '@rollup/rollup-linux-s390x-gnu@4.63.3':
    resolution: {integrity: sha512-BQhejF6ZXOpxbngiNTP12GCGQeaDVL2QXGeBVViKIYzFHM5RKxTxwUMB1fr1BeNFphFMpnRqC5QSXFSa4z6UQw==}
    cpu: [s390x]
    os: [linux]
    libc: [glibc]

  '@rollup/rollup-linux-x64-gnu@4.63.3':
    resolution: {integrity: sha512-SXagRwnI2Wlwlitllu59UK/nGVbD1CKPcNqDplHwIC4BqJcpXFjD32d1R/RbuISa95HdQrZM3/7v4bKiowFaLA==}
    cpu: [x64]
    os: [linux]
    libc: [glibc]

  '@rollup/rollup-linux-x64-musl@4.63.3':
    resolution: {integrity: sha512-2IPozoEALRCziGqE8O9KMK60PMu5TS1huv4fwoeCexj+WjmcwFtX9CTOVbfXCUqcELAubEwRFPYlzb/WvwY2HQ==}
    cpu: [x64]
    os: [linux]
    libc: [musl]

  '@rollup/rollup-openbsd-x64@4.63.3':
    resolution: {integrity: sha512-AoxqosUHT9IX54hFn2TiN6A7d6ZKTtE6pd2bqWtqkkNJ6HJGaU6FRouGX8L1O7R/ZwsnCnpQrHzb4pDEx+UHRQ==}
    cpu: [x64]
    os: [openbsd]

  '@rollup/rollup-openharmony-arm64@4.63.3':
    resolution: {integrity: sha512-d+CaftKgmkFBzCwezMqqy1d0QNNYugqLCMcYVQWBy5SS2YfeMP8Q8ripkgx9O8IyBXXLHrJ+aaCV4U96usv6Yg==}
    cpu: [arm64]
    os: [openharmony]

  '@rollup/rollup-win32-arm64-msvc@4.63.3':
    resolution: {integrity: sha512-xXlDF6nR1eOuXbdDy5Hl5fmtY7teUDevF/k0O7IPoZe4Tpmdv+lgdE5JRsnhQtt37ql9P0VF2kAN9a0OCZdo+Q==}
    cpu: [arm64]
    os: [win32]

  '@rollup/rollup-win32-ia32-msvc@4.63.3':
    resolution: {integrity: sha512-YtXAgLN+JP7Ay6qG3eWhc7IHMQPzLc8r3uvhAvlJIoCz/4Q32+Bl9Fmnywidh8v1GOIMmymjovfqY9ETAtysvA==}
    cpu: [ia32]
    os: [win32]

  '@rollup/rollup-win32-x64-gnu@4.63.3':
    resolution: {integrity: sha512-WuWtSJRNo549vzcfZyEgfqb6zeSgn1F+UE5kQ+BCjzz0W4MGCjntUHkZVc1VRuAM7+ULaSyhiPxD1spyewFvkQ==}
    cpu: [x64]
    os: [win32]

  '@rollup/rollup-win32-x64-msvc@4.63.3':
    resolution: {integrity: sha512-+lIKX7O0+IGe7WuhATaAMMeT7B76vfhXH/l9wLQL+nvyhbw2ohYCKIdWL56JfDu75CWt5oKRP4QFH/jkMtBquA==}
    cpu: [x64]
    os: [win32]

  '@types/estree@1.0.9':
    resolution: {integrity: sha512-GhdPgy1el4/ImP05X05Uw4cw2/M93BCUmnEvWZNStlCzEKME4Fkk+YpoA5OiHNQmoS7Cafb8Xa3Pya8m1Qrzeg==}

  '@types/node@22.20.2':
    resolution: {integrity: sha512-xlvWf4Vs9n1PEVYwP1n4vvG07M6y8WgvJ2t0vbrWTmijsIHp1cS+uJ2kMIRdY3nHZK0nCYKrPeD171+SzF4/zw==}

  '@types/resolve@1.20.2':
    resolution: {integrity: sha512-60BCwRFOZCQhDncwQdxxeOEEkbc5dIMccYLwbxsS4TUNeVECQ/pBJ0j09mrHOl/JJvpRPGwO9SvE4nR2Nb/a4Q==}

  ansi-regex@5.0.1:
    resolution: {integrity: sha512-quJQXlTSUGL2LH9SUXo8VwsY4soanhgo6LNSm84E1LBcE8s3O0wpdiRzyR9z/ZZJMlMWv37qOOb9pdJlMUEKFQ==}
    engines: {node: '>=8'}

  ansi-styles@4.3.0:
    resolution: {integrity: sha512-zbB9rCJAT1rbjiVDb2hqKFHNYLxgtk8NURxZ3IZwD3F6NtxbXZQCnnSi1Lkx+IDohdPlFp222wVALIheZJQSEg==}
    engines: {node: '>=8'}

  cliui@8.0.1:
    resolution: {integrity: sha512-BSeNnyus75C4//NQ9gQt1/csTXyo/8Sb+afLAkzAptFuMsod9HFokGNudZpi/oQV73hnVK+sR+5PVRMd+Dr7YQ==}
    engines: {node: '>=12'}

  color-convert@2.0.1:
    resolution: {integrity: sha512-RRECPsj7iu/xb5oKYcsFHSppFNnsj/52OVTRKb4zP5onXwVF3zVmmToNcOfGC+CRDpfK/U584fMg38ZHCaElKQ==}
    engines: {node: '>=7.0.0'}

  color-name@1.1.4:
    resolution: {integrity: sha512-dOy+3AuW3a2wNbZHIuMZpTcgjGuLU/uBL/ubcZF9OXbDo8ff4O8yVp5Bf0efS8uEoYo5q4Fx7dY9OgQGXgAsQA==}

  deepmerge@4.3.1:
    resolution: {integrity: sha512-3sUqbMEc77XqpdNO7FRyRog+eW3ph+GYCbj+rK+uYyRMuwsVy0rMiVtPn+QJlKFvWP/1PYpapqYn0Me2knFn+A==}
    engines: {node: '>=0.10.0'}

  emoji-regex@8.0.0:
    resolution: {integrity: sha512-MSjYzcWNOA0ewAHpz0MxpYFvwg6yjy1NG3xteoqz644VCo/RPgnr1/GGt+ic3iJTzQ8Eu3TdM14SawnVUmGE6A==}

  es-errors@1.3.0:
    resolution: {integrity: sha512-Zf5H2Kxt2xjTvbJvP2ZWLEICxA6j+hAmMzIlypy4xcBg1vKVnx89Wy0GbS+kf5cwCVFFzdCFh2XSCFNULS6csw==}
    engines: {node: '>= 0.4'}

  escalade@3.2.0:
    resolution: {integrity: sha512-WUj2qlxaQtO4g6Pq5c29GTcWGDyd8itL8zTlipgECz3JesAiiOKotd8JU6otB3PACgG6xkJUyVhboMS+bje/jA==}
    engines: {node: '>=6'}

  estree-walker@2.0.2:
    resolution: {integrity: sha512-Rfkk/Mp/DL7JVje3u18FxFujQlTNR2q6QfMSMB7AvCBx91NGj/ba3kCfza0f6dVDbw7YlRf/nDrn7pQrCCyQ/w==}

  fake-indexeddb@6.2.5:
    resolution: {integrity: sha512-CGnyrvbhPlWYMngksqrSSUT1BAVP49dZocrHuK0SvtR0D5TMs5wP0o3j7jexDJW01KSadjBp1M/71o/KR3nD1w==}
    engines: {node: '>=18'}

  faye-websocket@0.11.4:
    resolution: {integrity: sha512-CzbClwlXAuiRQAlUyfqPgvPoNKTckTPGfwZV4ZdAhVcP2lh9KUxJg2b5GkE7XbjKQ3YJnQ9z6D9ntLAlB+tP8g==}
    engines: {node: '>=0.8.0'}

  firebase@12.19.0:
    resolution: {integrity: sha512-kwXCLcI0ly2lkwygkbuRx6SsX3DSO96355YrWh9SWZ5ncsxK/y5cirn3sY6nZVSiBVE++2nL6Hchzu1EB8uohQ==}

  fsevents@2.3.3:
    resolution: {integrity: sha512-5xoDfX+fL7faATnagmWPpbFtwh/R77WmMMqqHGS65C3vvB0YHrgF+B1YmZ3441tMj5n63k0212XNoJwzlhffQw==}
    engines: {node: ^8.16.0 || ^10.6.0 || >=11.0.0}
    os: [darwin]

  function-bind@1.1.2:
    resolution: {integrity: sha512-7XHNxH7qX9xG5mIwxkhumTox/MIRNcOgDrxWsMt2pAr23WHp6MrRlN7FBSFpCpr+oVO0F744iUgR82nJMfG2SA==}

  get-caller-file@2.0.5:
    resolution: {integrity: sha512-DyFP3BM/3YHTQOCUL/w0OZHR0lpKeGrxotcHWcqNEdnltqFwXVfhEBQ94eIo34AfQpo0rGki4cyIiftY06h2Fg==}
    engines: {node: 6.* || 8.* || >= 10.*}

  hasown@2.0.4:
    resolution: {integrity: sha512-T2UbfbBEF32wiepXIsMlTW9+dDYC6wMh/t/vYA4tuOMKqWz/n3vr1NFSxQiyP+zk2mXsoMA/i/7qV6LKut1t1A==}
    engines: {node: '>= 0.4'}

  http-parser-js@0.5.10:
    resolution: {integrity: sha512-Pysuw9XpUq5dVc/2SMHpuTY01RFl8fttgcyunjL7eEMhGM3cI4eOmiCycJDVCo/7O7ClfQD3SaI6ftDzqOXYMA==}

  idb@7.1.1:
    resolution: {integrity: sha512-gchesWBzyvGHRO9W8tzUWFDycow5gwjvFKfyV9FF32Y7F50yZMp7mP+T2mJIWFx49zicqyC4uefHM17o6xKIVQ==}

  is-core-module@2.16.2:
    resolution: {integrity: sha512-evOr8xfXKxE6qSR0hSXL2r3sd7ALj8+7jQEUvPYcm5sgZFdJ+AYzT6yNmJenvIYQBgIGwfwz08sL8zoL7yq2BA==}
    engines: {node: '>= 0.4'}

  is-fullwidth-code-point@3.0.0:
    resolution: {integrity: sha512-zymm5+u+sCsSWyD9qNaejV3DFvhCKclKdizYaJUuHA83RLjb7nSuGnddCHGv0hk+KY7BMAlsWeK4Ueg6EV6XQg==}
    engines: {node: '>=8'}

  is-module@1.0.0:
    resolution: {integrity: sha512-51ypPSPCoTEIN9dy5Oy+h4pShgJmPCygKfyRCISBI+JoWT/2oJvK8QPxmwv7b/p239jXrm9M1mlQbyKJ5A152g==}

  lodash.camelcase@4.3.0:
    resolution: {integrity: sha512-TwuEnCnxbc3rAvhf/LbG7tJUDzhqXyFnv3dtzLOPgCG/hODL7WFnsbwktkD7yUV0RrreP/l1PALq/YSg6VvjlA==}

  long@5.3.2:
    resolution: {integrity: sha512-mNAgZ1GmyNhD7AuqnTG3/VQ26o760+ZYBPKjPvugO8+nLbYfX6TVpJPseBvopbdY+qpZ/lKUnmEc1LeZYS3QAA==}

  nodemailer@10.0.10:
    resolution: {integrity: sha512-He9XskOFms62SyAKkLu8CcGcYHAo+BSHSsORI8s4PJH8qZgZY4L4lDfvyN0twvmbpyG+eGrxpyBlskj9d9rJ8A==}
    engines: {node: '>=20.0.0'}

  path-parse@1.0.7:
    resolution: {integrity: sha512-LDJzPVEEEPR+y48z93A0Ed0yXb8pAByGWo/k5YYdYgpY2/2EsOsksJrq7lOHxryrVOn1ejG6oAp8ahvOIQD8sw==}

  pg-cloudflare@1.4.0:
    resolution: {integrity: sha512-Vo7z/6rrQYxpNRylp4Tlob2elzbh+N/MOQbxFVWCxS7oEx6jF53GTJFxK2WWpKuBRkmiin4Mt+xofFDjx09R0A==}

  pg-connection-string@2.14.0:
    resolution: {integrity: sha512-XwWDGcLRGCXAR8F/AM5bG7Q+A3Wm2s6QeEjlOKZLlH3UYcguiqCWKyWXVag5TLTIjR7oOJUY8kcADaZgWPyLeg==}

  pg-int8@1.0.1:
    resolution: {integrity: sha512-WCtabS6t3c8SkpDBUlb1kjOs7l66xsGdKpIPZsg4wR+B3+u9UAum2odSsF9tnvxg80h4ZxLWMy4pRjOsFIqQpw==}
    engines: {node: '>=4.0.0'}

  pg-pool@3.14.0:
    resolution: {integrity: sha512-gKtPkFdQPU3DksooVLi9LsjZxrsBUZIpa+7aVx+LV5pNh0KzP4Zleud2po+ConrxbuXGBJ6Hfer6hdgpIBpBaw==}
    peerDependencies:
      pg: '>=8.0'

  pg-protocol@1.16.0:
    resolution: {integrity: sha512-sILXutLVjCLjcDuOmvhX5e2Z4cS5qG/6Bu3VkpFwdf/633ElGLpEh9bgmuI5I4sqKqkifQiGyiCcx1HdtrK7tg==}

  pg-types@2.2.0:
    resolution: {integrity: sha512-qTAAlrEsl8s4OiEQY69wDvcMIdQN6wdz5ojQiOy6YRMuynxenON0O5oCpJI6lshc6scgAY8qvJ2On/p+CXY0GA==}
    engines: {node: '>=4'}

  pg@8.23.0:
    resolution: {integrity: sha512-Ip2EQCngowJLGOfCwkFhPXU7/ljlhn6Rxlmy4XYfL2Y+vyRM59+8uR2xqRWKdYmbXmxCFOAmKxBuSUCdF34qLg==}
    engines: {node: '>= 16.0.0'}
    peerDependencies:
      pg-native: '>=3.0.1'
    peerDependenciesMeta:
      pg-native:
        optional: true

  pgpass@1.0.5:
    resolution: {integrity: sha512-FdW9r/jQZhSeohs1Z3sI1yxFQNFvMcnmfuj4WBMUTxOrAyLMaTcE1aAMBiTlbMNaXvBCQuVi0R7hd8udDSP7ug==}

  picomatch@4.0.7:
    resolution: {integrity: sha512-qcJu88Q2IWqJsDD529JKMdwGm/dvInW4HvQnRwiH9JtihJvzGOscDtHE3x1pBKeUOTysQ8kVmLnJ2kJu7yhcGA==}
    engines: {node: '>=12'}

  postgres-array@2.0.0:
    resolution: {integrity: sha512-VpZrUqU5A69eQyW2c5CA1jtLecCsN2U/bD6VilrFDWq5+5UIEVO7nazS3TEcHf1zuPYO/sqGvUvW62g86RXZuA==}
    engines: {node: '>=4'}

  postgres-bytea@1.0.1:
    resolution: {integrity: sha512-5+5HqXnsZPE65IJZSMkZtURARZelel2oXUEO8rH83VS/hxH5vv1uHquPg5wZs8yMAfdv971IU+kcPUczi7NVBQ==}
    engines: {node: '>=0.10.0'}

  postgres-date@1.0.7:
    resolution: {integrity: sha512-suDmjLVQg78nMK2UZ454hAG+OAW+HQPZ6n++TNDUX+L0+uUlLywnoxJKDou51Zm+zTCjrCl0Nq6J9C5hP9vK/Q==}
    engines: {node: '>=0.10.0'}

  postgres-interval@1.2.0:
    resolution: {integrity: sha512-9ZhXKM/rw350N1ovuWHbGxnGh/SNJ4cnxHiM0rxE4VN41wsg8P8zWn9hv/buK00RP4WvlOyr/RBDiptyxVbkZQ==}
    engines: {node: '>=0.10.0'}

  protobufjs@7.6.6:
    resolution: {integrity: sha512-dYDWdjSl5RNb7SgPxGQcRU+GtvP7s2fpkrY0r432PcOIaZ0/rBcxEZnQN67iJhFuQiVw754JDoPruPCNdGsbjg==}
    engines: {node: '>=12.0.0'}

  re2js@2.8.6:
    resolution: {integrity: sha512-xLgQil4kIUCrAzVk9fRSkxkFNwmygLFjVxXrLc65aE1F0+Zsb8rxumFBy4XKyvgMCTL6kilDq3EZ0piE2dP/Dg==}
    engines: {node: '>=18.0.0'}

  require-directory@2.1.1:
    resolution: {integrity: sha512-fGxEI7+wsG9xrvdjsrlmL22OMTTiHRwAMroiEeMgq8gzoLC/PQr7RsRDSTLUg/bZAZtF+TVIkHc6/4RIKrui+Q==}
    engines: {node: '>=0.10.0'}

  resolve@1.22.12:
    resolution: {integrity: sha512-TyeJ1zif53BPfHootBGwPRYT1RUt6oGWsaQr8UyZW/eAm9bKoijtvruSDEmZHm92CwS9nj7/fWttqPCgzep8CA==}
    engines: {node: '>= 0.4'}
    hasBin: true

  rollup@4.63.3:
    resolution: {integrity: sha512-1i2XreiAoMMXuPGD6Msj2xWrMMkHojNRKivInxGQcg7/1KuPuYlfUutLyh4drnOxUTHX9cHI4wFoat8D/NKaBw==}
    engines: {node: '>=18.0.0', npm: '>=8.0.0'}
    hasBin: true

  safe-buffer@5.2.1:
    resolution: {integrity: sha512-rp3So07KcdmmKbGvgaNxQSJr7bGVSVk5S9Eq1F+ppbRo70+YeaDxkw5Dd8NPN+GD6bjnYm2VuPuCXmpuYvmCXQ==}

  split2@4.2.0:
    resolution: {integrity: sha512-UcjcJOWknrNkF6PLX83qcHM6KHgVKNkV62Y8a5uYDVv9ydGQVwAHMKqHdJje1VTWpljG0WYpCDhrCdAOYH4TWg==}
    engines: {node: '>= 10.x'}

  string-width@4.2.3:
    resolution: {integrity: sha512-wKyQRQpjJ0sIp62ErSZdGsjMJWsap5oRNihHhu6G7JVO/9jIB6UyevL+tXuOqrng8j/cxKTWyWUwvSTriiZz/g==}
    engines: {node: '>=8'}

  strip-ansi@6.0.1:
    resolution: {integrity: sha512-Y38VPSHcqkFrCpFnQ9vuSXmquuv5oXOKpGeT6aGrr3o3Gc9AlVa6JBfUSOCnbxGGZF+/0ooI7KrPuUSztUdU5A==}
    engines: {node: '>=8'}

  supports-preserve-symlinks-flag@1.0.0:
    resolution: {integrity: sha512-ot0WnXS9fgdkgIcePe6RHNk1WA8+muPa6cSjeR3V8K27q9BB1rTE3R1p7Hv0z1ZyAc8s6Vvv8DIyWf681MAt0w==}
    engines: {node: '>= 0.4'}

  tslib@2.8.1:
    resolution: {integrity: sha512-oJFu94HQb+KVduSUQL7wnpmqnfmLsOA/nAh6b6EH0wCEoK0/mPeXU6c3wKDV83MkOuHPRHtSXKKU99IBazS/2w==}

  undici-types@6.21.0:
    resolution: {integrity: sha512-iwDZqg0QAGrg9Rav5H4n0M64c3mkR59cJ6wQp+7C4nI0gsmExaedaYLNO44eT4AtBBwjbTiGPMlt2Md0T9H9JQ==}

  web-vitals@4.2.4:
    resolution: {integrity: sha512-r4DIlprAGwJ7YM11VZp4R884m0Vmgr6EAKe3P+kO0PPj3Unqyvv59rczf6UiGcb9Z8QxZVcqKNwv/g0WNdWwsw==}

  websocket-driver@0.7.5:
    resolution: {integrity: sha512-ZL2+3c7kMBdIRCMz6l8jQMHyGVxj+UL+xVk74Ombiciboca8rHa15L86B19E5oh1pL9Ii/uj54gtsIrZGMo6zA==}
    engines: {node: '>=0.8.0'}

  websocket-extensions@0.1.4:
    resolution: {integrity: sha512-OqedPIGOfsDlo31UNwYbCFMSaO9m9G/0faIHj5/dZFDMFqPTcx6UwqyOy3COEaEOg/9VsGIpdqn62W5KhoKSpg==}
    engines: {node: '>=0.8.0'}

  wrap-ansi@7.0.0:
    resolution: {integrity: sha512-YVGIj2kamLSTxw6NsZjoBxfSwsn0ycdesmc4p+Q21c5zPuZ1pl+NfxVdxPtdHvmNVOQ6XSYG4AUtyt/Fi7D16Q==}
    engines: {node: '>=10'}

  xtend@4.0.2:
    resolution: {integrity: sha512-LKYU1iAXJXUgAXn9URjiu+MWhyUXHsvfp7mcuYm9dSUKK0/CjtrUwFAxD82/mCWbtLsGjFIad0wIsod4zrTAEQ==}
    engines: {node: '>=0.4'}

  y18n@5.0.8:
    resolution: {integrity: sha512-0pfFzegeDWJHJIAmTLRP2DwHjdF5s7jo9tuztdQxAhINCdvS+3nGINqPd00AphqJR/0LhANUS6/+7SCb98YOfA==}
    engines: {node: '>=10'}

  yargs-parser@21.1.1:
    resolution: {integrity: sha512-tVpsJW7DdjecAiFpbIB1e3qxIQsE6NoPc5/eTdrbbIC4h0LVsWhnoa3g+m2HclBIujHzsxZ4VJVA+GUuc2/LBw==}
    engines: {node: '>=12'}

  yargs@17.7.3:
    resolution: {integrity: sha512-GZtjxm/J/4TSxuL3FNYjCmLktBTnIw/rVmKSIyKeYAZpmJB2ig9VauCC5xsa82GNKVKDAqpOn3KVzNt0zmrU0g==}
    engines: {node: '>=12'}

snapshots:

  '@firebase/ai@2.16.0(@firebase/app-types@0.9.6)(@firebase/app@0.16.2)':
    dependencies:
      '@firebase/app': 0.16.2
      '@firebase/app-check-interop-types': 0.3.5
      '@firebase/app-types': 0.9.6
      '@firebase/component': 0.7.5
      '@firebase/logger': 0.5.2
      '@firebase/util': 1.15.3
      tslib: 2.8.1

  '@firebase/analytics-compat@0.2.31(@firebase/app-compat@0.5.18)(@firebase/app@0.16.2)':
    dependencies:
      '@firebase/analytics': 0.10.25(@firebase/app@0.16.2)
      '@firebase/analytics-types': 0.8.5
      '@firebase/app': 0.16.2
      '@firebase/app-compat': 0.5.18
      '@firebase/component': 0.7.5
      '@firebase/util': 1.15.3
      tslib: 2.8.1

  '@firebase/analytics-types@0.8.5': {}

  '@firebase/analytics@0.10.25(@firebase/app@0.16.2)':
    dependencies:
      '@firebase/app': 0.16.2
      '@firebase/component': 0.7.5
      '@firebase/installations': 0.6.24(@firebase/app@0.16.2)
      '@firebase/logger': 0.5.2
      '@firebase/util': 1.15.3
      tslib: 2.8.1

  '@firebase/app-check-compat@0.4.7(@firebase/app-compat@0.5.18)(@firebase/app@0.16.2)':
    dependencies:
      '@firebase/app': 0.16.2
      '@firebase/app-check': 0.13.1(@firebase/app@0.16.2)
      '@firebase/app-check-types': 0.5.5
      '@firebase/app-compat': 0.5.18
      '@firebase/component': 0.7.5
      '@firebase/logger': 0.5.2
      '@firebase/util': 1.15.3
      tslib: 2.8.1

  '@firebase/app-check-interop-types@0.3.5': {}

  '@firebase/app-check-types@0.5.5': {}

  '@firebase/app-check@0.13.1(@firebase/app@0.16.2)':
    dependencies:
      '@firebase/app': 0.16.2
      '@firebase/component': 0.7.5
      '@firebase/logger': 0.5.2
      '@firebase/util': 1.15.3
      tslib: 2.8.1

  '@firebase/app-compat@0.5.18':
    dependencies:
      '@firebase/app': 0.16.2
      '@firebase/component': 0.7.5
      '@firebase/logger': 0.5.2
      '@firebase/util': 1.15.3
      tslib: 2.8.1

  '@firebase/app-types@0.9.6':
    dependencies:
      '@firebase/logger': 0.5.2

  '@firebase/app@0.16.2':
    dependencies:
      '@firebase/component': 0.7.5
      '@firebase/logger': 0.5.2
      '@firebase/util': 1.15.3
      idb: 7.1.1
      tslib: 2.8.1

  '@firebase/auth-compat@0.6.11(@firebase/app-compat@0.5.18)(@firebase/app-types@0.9.6)(@firebase/app@0.16.2)':
    dependencies:
      '@firebase/app': 0.16.2
      '@firebase/app-compat': 0.5.18
      '@firebase/auth': 1.13.6(@firebase/app@0.16.2)
      '@firebase/auth-types': 0.13.2(@firebase/app-types@0.9.6)(@firebase/util@1.15.3)
      '@firebase/component': 0.7.5
      '@firebase/util': 1.15.3
      tslib: 2.8.1
    transitivePeerDependencies:
      - '@firebase/app-types'
      - '@react-native-async-storage/async-storage'

  '@firebase/auth-interop-types@0.2.6': {}

  '@firebase/auth-types@0.13.2(@firebase/app-types@0.9.6)(@firebase/util@1.15.3)':
    dependencies:
      '@firebase/app-types': 0.9.6
      '@firebase/util': 1.15.3

  '@firebase/auth@1.13.6(@firebase/app@0.16.2)':
    dependencies:
      '@firebase/app': 0.16.2
      '@firebase/component': 0.7.5
      '@firebase/logger': 0.5.2
      '@firebase/util': 1.15.3
      tslib: 2.8.1

  '@firebase/component@0.7.5':
    dependencies:
      '@firebase/util': 1.15.3
      tslib: 2.8.1

  '@firebase/data-connect@0.7.4(@firebase/app@0.16.2)':
    dependencies:
      '@firebase/app': 0.16.2
      '@firebase/auth-interop-types': 0.2.6
      '@firebase/component': 0.7.5
      '@firebase/logger': 0.5.2
      '@firebase/util': 1.15.3
      tslib: 2.8.1

  '@firebase/database-compat@2.1.7(@firebase/app-compat@0.5.18)(@firebase/app@0.16.2)':
    dependencies:
      '@firebase/component': 0.7.5
      '@firebase/database': 1.1.5
      '@firebase/database-types': 1.0.22
      '@firebase/logger': 0.5.2
      '@firebase/util': 1.15.3
      tslib: 2.8.1
    optionalDependencies:
      '@firebase/app': 0.16.2
      '@firebase/app-compat': 0.5.18

  '@firebase/database-types@1.0.22':
    dependencies:
      '@firebase/app-types': 0.9.6
      '@firebase/util': 1.15.3

  '@firebase/database@1.1.5':
    dependencies:
      '@firebase/app-check-interop-types': 0.3.5
      '@firebase/auth-interop-types': 0.2.6
      '@firebase/component': 0.7.5
      '@firebase/logger': 0.5.2
      '@firebase/util': 1.15.3
      faye-websocket: 0.11.4
      tslib: 2.8.1

  '@firebase/firestore-compat@0.4.14(@firebase/app-compat@0.5.18)(@firebase/app-types@0.9.6)(@firebase/app@0.16.2)':
    dependencies:
      '@firebase/app': 0.16.2
      '@firebase/app-compat': 0.5.18
      '@firebase/component': 0.7.5
      '@firebase/firestore': 4.17.2(@firebase/app@0.16.2)
      '@firebase/firestore-types': 3.0.5(@firebase/app-types@0.9.6)(@firebase/util@1.15.3)
      '@firebase/util': 1.15.3
      tslib: 2.8.1
    transitivePeerDependencies:
      - '@firebase/app-types'

  '@firebase/firestore-types@3.0.5(@firebase/app-types@0.9.6)(@firebase/util@1.15.3)':
    dependencies:
      '@firebase/app-types': 0.9.6
      '@firebase/util': 1.15.3

  '@firebase/firestore@4.17.2(@firebase/app@0.16.2)':
    dependencies:
      '@firebase/app': 0.16.2
      '@firebase/component': 0.7.5
      '@firebase/logger': 0.5.2
      '@firebase/util': 1.15.3
      '@firebase/webchannel-wrapper': 1.0.7
      '@grpc/grpc-js': 1.9.16
      '@grpc/proto-loader': 0.7.15
      re2js: 2.8.6
      tslib: 2.8.1

  '@firebase/functions-compat@0.5.0(@firebase/app-compat@0.5.18)(@firebase/app@0.16.2)':
    dependencies:
      '@firebase/app': 0.16.2
      '@firebase/app-compat': 0.5.18
      '@firebase/component': 0.7.5
      '@firebase/functions': 0.14.0(@firebase/app@0.16.2)
      '@firebase/functions-types': 0.6.5
      '@firebase/util': 1.15.3
      tslib: 2.8.1

  '@firebase/functions-types@0.6.5': {}

  '@firebase/functions@0.14.0(@firebase/app@0.16.2)':
    dependencies:
      '@firebase/app': 0.16.2
      '@firebase/app-check-interop-types': 0.3.5
      '@firebase/auth-interop-types': 0.2.6
      '@firebase/component': 0.7.5
      '@firebase/messaging-interop-types': 0.2.6
      '@firebase/util': 1.15.3
      tslib: 2.8.1

  '@firebase/installations-compat@0.2.24(@firebase/app-compat@0.5.18)(@firebase/app-types@0.9.6)(@firebase/app@0.16.2)':
    dependencies:
      '@firebase/app': 0.16.2
      '@firebase/app-compat': 0.5.18
      '@firebase/component': 0.7.5
      '@firebase/installations': 0.6.24(@firebase/app@0.16.2)
      '@firebase/installations-types': 0.5.5(@firebase/app-types@0.9.6)
      '@firebase/util': 1.15.3
      tslib: 2.8.1
    transitivePeerDependencies:
      - '@firebase/app-types'

  '@firebase/installations-types@0.5.5(@firebase/app-types@0.9.6)':
    dependencies:
      '@firebase/app-types': 0.9.6

  '@firebase/installations@0.6.24(@firebase/app@0.16.2)':
    dependencies:
      '@firebase/app': 0.16.2
      '@firebase/component': 0.7.5
      '@firebase/util': 1.15.3
      idb: 7.1.1
      tslib: 2.8.1

  '@firebase/logger@0.5.2':
    dependencies:
      tslib: 2.8.1

  '@firebase/messaging-compat@0.2.30(@firebase/app-compat@0.5.18)(@firebase/app@0.16.2)':
    dependencies:
      '@firebase/app': 0.16.2
      '@firebase/app-compat': 0.5.18
      '@firebase/component': 0.7.5
      '@firebase/messaging': 0.13.3(@firebase/app@0.16.2)
      '@firebase/util': 1.15.3
      tslib: 2.8.1

  '@firebase/messaging-interop-types@0.2.6': {}

  '@firebase/messaging@0.13.3(@firebase/app@0.16.2)':
    dependencies:
      '@firebase/app': 0.16.2
      '@firebase/component': 0.7.5
      '@firebase/installations': 0.6.24(@firebase/app@0.16.2)
      '@firebase/messaging-interop-types': 0.2.6
      '@firebase/util': 1.15.3
      idb: 7.1.1
      tslib: 2.8.1

  '@firebase/performance-compat@0.2.27(@firebase/app-compat@0.5.18)(@firebase/app@0.16.2)':
    dependencies:
      '@firebase/app': 0.16.2
      '@firebase/app-compat': 0.5.18
      '@firebase/component': 0.7.5
      '@firebase/logger': 0.5.2
      '@firebase/performance': 0.7.14(@firebase/app@0.16.2)
      '@firebase/performance-types': 0.2.5
      '@firebase/util': 1.15.3
      tslib: 2.8.1

  '@firebase/performance-types@0.2.5': {}

  '@firebase/performance@0.7.14(@firebase/app@0.16.2)':
    dependencies:
      '@firebase/app': 0.16.2
      '@firebase/component': 0.7.5
      '@firebase/installations': 0.6.24(@firebase/app@0.16.2)
      '@firebase/logger': 0.5.2
      '@firebase/util': 1.15.3
      tslib: 2.8.1
      web-vitals: 4.2.4

  '@firebase/remote-config-compat@0.2.29(@firebase/app-compat@0.5.18)(@firebase/app@0.16.2)':
    dependencies:
      '@firebase/app': 0.16.2
      '@firebase/app-compat': 0.5.18
      '@firebase/component': 0.7.5
      '@firebase/logger': 0.5.2
      '@firebase/remote-config': 0.9.2(@firebase/app@0.16.2)
      '@firebase/remote-config-types': 0.5.2
      '@firebase/util': 1.15.3
      tslib: 2.8.1

  '@firebase/remote-config-types@0.5.2': {}

  '@firebase/remote-config@0.9.2(@firebase/app@0.16.2)':
    dependencies:
      '@firebase/app': 0.16.2
      '@firebase/component': 0.7.5
      '@firebase/installations': 0.6.24(@firebase/app@0.16.2)
      '@firebase/logger': 0.5.2
      '@firebase/util': 1.15.3
      tslib: 2.8.1

  '@firebase/storage-compat@0.4.5(@firebase/app-compat@0.5.18)(@firebase/app-types@0.9.6)(@firebase/app@0.16.2)':
    dependencies:
      '@firebase/app': 0.16.2
      '@firebase/app-compat': 0.5.18
      '@firebase/component': 0.7.5
      '@firebase/storage': 0.14.5(@firebase/app@0.16.2)
      '@firebase/storage-types': 0.8.5(@firebase/app-types@0.9.6)(@firebase/util@1.15.3)
      '@firebase/util': 1.15.3
      tslib: 2.8.1
    transitivePeerDependencies:
      - '@firebase/app-types'

  '@firebase/storage-types@0.8.5(@firebase/app-types@0.9.6)(@firebase/util@1.15.3)':
    dependencies:
      '@firebase/app-types': 0.9.6
      '@firebase/util': 1.15.3

  '@firebase/storage@0.14.5(@firebase/app@0.16.2)':
    dependencies:
      '@firebase/app': 0.16.2
      '@firebase/component': 0.7.5
      '@firebase/util': 1.15.3
      tslib: 2.8.1

  '@firebase/util@1.15.3':
    dependencies:
      tslib: 2.8.1

  '@firebase/webchannel-wrapper@1.0.7': {}

  '@grpc/grpc-js@1.9.16':
    dependencies:
      '@grpc/proto-loader': 0.7.15
      '@types/node': 22.20.2

  '@grpc/proto-loader@0.7.15':
    dependencies:
      lodash.camelcase: 4.3.0
      long: 5.3.2
      protobufjs: 7.6.6
      yargs: 17.7.3

  '@napi-rs/lzma-linux-x64-gnu@1.5.1':
    optional: true

  '@protobufjs/aspromise@1.1.2': {}

  '@protobufjs/base64@1.1.2': {}

  '@protobufjs/codegen@2.0.5': {}

  '@protobufjs/eventemitter@1.1.1': {}

  '@protobufjs/fetch@1.1.1':
    dependencies:
      '@protobufjs/aspromise': 1.1.2

  '@protobufjs/float@1.0.2': {}

  '@protobufjs/path@1.1.2': {}

  '@protobufjs/pool@1.1.0': {}

  '@protobufjs/utf8@1.1.2': {}

  '@rollup/plugin-node-resolve@16.0.3(rollup@4.63.3)':
    dependencies:
      '@rollup/pluginutils': 5.4.0(rollup@4.63.3)
      '@types/resolve': 1.20.2
      deepmerge: 4.3.1
      is-module: 1.0.0
      resolve: 1.22.12
    optionalDependencies:
      rollup: 4.63.3

  '@rollup/pluginutils@5.4.0(rollup@4.63.3)':
    dependencies:
      '@types/estree': 1.0.9
      estree-walker: 2.0.2
      picomatch: 4.0.7
    optionalDependencies:
      rollup: 4.63.3

  '@rollup/rollup-android-arm-eabi@4.63.3':
    optional: true

  '@rollup/rollup-android-arm64@4.63.3':
    optional: true

  '@rollup/rollup-darwin-arm64@4.63.3':
    optional: true

  '@rollup/rollup-darwin-x64@4.63.3':
    optional: true

  '@rollup/rollup-freebsd-arm64@4.63.3':
    optional: true

  '@rollup/rollup-freebsd-x64@4.63.3':
    optional: true

  '@rollup/rollup-linux-arm-gnueabihf@4.63.3':
    optional: true

  '@rollup/rollup-linux-arm-musleabihf@4.63.3':
    optional: true

  '@rollup/rollup-linux-arm64-gnu@4.63.3':
    optional: true

  '@rollup/rollup-linux-arm64-musl@4.63.3':
    optional: true

  '@rollup/rollup-linux-loong64-gnu@4.63.3':
    optional: true

  '@rollup/rollup-linux-loong64-musl@4.63.3':
    optional: true

  '@rollup/rollup-linux-ppc64-gnu@4.63.3':
    optional: true

  '@rollup/rollup-linux-ppc64-musl@4.63.3':
    optional: true

  '@rollup/rollup-linux-riscv64-gnu@4.63.3':
    optional: true

  '@rollup/rollup-linux-riscv64-musl@4.63.3':
    optional: true

  '@rollup/rollup-linux-s390x-gnu@4.63.3':
    optional: true

  '@rollup/rollup-linux-x64-gnu@4.63.3':
    optional: true

  '@rollup/rollup-linux-x64-musl@4.63.3':
    optional: true

  '@rollup/rollup-openbsd-x64@4.63.3':
    optional: true

  '@rollup/rollup-openharmony-arm64@4.63.3':
    optional: true

  '@rollup/rollup-win32-arm64-msvc@4.63.3':
    optional: true

  '@rollup/rollup-win32-ia32-msvc@4.63.3':
    optional: true

  '@rollup/rollup-win32-x64-gnu@4.63.3':
    optional: true

  '@rollup/rollup-win32-x64-msvc@4.63.3':
    optional: true

  '@types/estree@1.0.9': {}

  '@types/node@22.20.2':
    dependencies:
      undici-types: 6.21.0

  '@types/resolve@1.20.2': {}

  ansi-regex@5.0.1: {}

  ansi-styles@4.3.0:
    dependencies:
      color-convert: 2.0.1

  cliui@8.0.1:
    dependencies:
      string-width: 4.2.3
      strip-ansi: 6.0.1
      wrap-ansi: 7.0.0

  color-convert@2.0.1:
    dependencies:
      color-name: 1.1.4

  color-name@1.1.4: {}

  deepmerge@4.3.1: {}

  emoji-regex@8.0.0: {}

  es-errors@1.3.0: {}

  escalade@3.2.0: {}

  estree-walker@2.0.2: {}

  fake-indexeddb@6.2.5: {}

  faye-websocket@0.11.4:
    dependencies:
      websocket-driver: 0.7.5

  firebase@12.19.0:
    dependencies:
      '@firebase/ai': 2.16.0(@firebase/app-types@0.9.6)(@firebase/app@0.16.2)
      '@firebase/analytics': 0.10.25(@firebase/app@0.16.2)
      '@firebase/analytics-compat': 0.2.31(@firebase/app-compat@0.5.18)(@firebase/app@0.16.2)
      '@firebase/app': 0.16.2
      '@firebase/app-check': 0.13.1(@firebase/app@0.16.2)
      '@firebase/app-check-compat': 0.4.7(@firebase/app-compat@0.5.18)(@firebase/app@0.16.2)
      '@firebase/app-compat': 0.5.18
      '@firebase/app-types': 0.9.6
      '@firebase/auth': 1.13.6(@firebase/app@0.16.2)
      '@firebase/auth-compat': 0.6.11(@firebase/app-compat@0.5.18)(@firebase/app-types@0.9.6)(@firebase/app@0.16.2)
      '@firebase/data-connect': 0.7.4(@firebase/app@0.16.2)
      '@firebase/database': 1.1.5
      '@firebase/database-compat': 2.1.7(@firebase/app-compat@0.5.18)(@firebase/app@0.16.2)
      '@firebase/firestore': 4.17.2(@firebase/app@0.16.2)
      '@firebase/firestore-compat': 0.4.14(@firebase/app-compat@0.5.18)(@firebase/app-types@0.9.6)(@firebase/app@0.16.2)
      '@firebase/functions': 0.14.0(@firebase/app@0.16.2)
      '@firebase/functions-compat': 0.5.0(@firebase/app-compat@0.5.18)(@firebase/app@0.16.2)
      '@firebase/installations': 0.6.24(@firebase/app@0.16.2)
      '@firebase/installations-compat': 0.2.24(@firebase/app-compat@0.5.18)(@firebase/app-types@0.9.6)(@firebase/app@0.16.2)
      '@firebase/messaging': 0.13.3(@firebase/app@0.16.2)
      '@firebase/messaging-compat': 0.2.30(@firebase/app-compat@0.5.18)(@firebase/app@0.16.2)
      '@firebase/performance': 0.7.14(@firebase/app@0.16.2)
      '@firebase/performance-compat': 0.2.27(@firebase/app-compat@0.5.18)(@firebase/app@0.16.2)
      '@firebase/remote-config': 0.9.2(@firebase/app@0.16.2)
      '@firebase/remote-config-compat': 0.2.29(@firebase/app-compat@0.5.18)(@firebase/app@0.16.2)
      '@firebase/storage': 0.14.5(@firebase/app@0.16.2)
      '@firebase/storage-compat': 0.4.5(@firebase/app-compat@0.5.18)(@firebase/app-types@0.9.6)(@firebase/app@0.16.2)
      '@firebase/util': 1.15.3
    transitivePeerDependencies:
      - '@react-native-async-storage/async-storage'

  fsevents@2.3.3:
    optional: true

  function-bind@1.1.2: {}

  get-caller-file@2.0.5: {}

  hasown@2.0.4:
    dependencies:
      function-bind: 1.1.2

  http-parser-js@0.5.10: {}

  idb@7.1.1: {}

  is-core-module@2.16.2:
    dependencies:
      hasown: 2.0.4

  is-fullwidth-code-point@3.0.0: {}

  is-module@1.0.0: {}

  lodash.camelcase@4.3.0: {}

  long@5.3.2: {}

  nodemailer@10.0.10: {}

  path-parse@1.0.7: {}

  pg-cloudflare@1.4.0:
    optional: true

  pg-connection-string@2.14.0: {}

  pg-int8@1.0.1: {}

  pg-pool@3.14.0(pg@8.23.0):
    dependencies:
      pg: 8.23.0

  pg-protocol@1.16.0: {}

  pg-types@2.2.0:
    dependencies:
      pg-int8: 1.0.1
      postgres-array: 2.0.0
      postgres-bytea: 1.0.1
      postgres-date: 1.0.7
      postgres-interval: 1.2.0

  pg@8.23.0:
    dependencies:
      pg-connection-string: 2.14.0
      pg-pool: 3.14.0(pg@8.23.0)
      pg-protocol: 1.16.0
      pg-types: 2.2.0
      pgpass: 1.0.5
    optionalDependencies:
      pg-cloudflare: 1.4.0

  pgpass@1.0.5:
    dependencies:
      split2: 4.2.0

  picomatch@4.0.7: {}

  postgres-array@2.0.0: {}

  postgres-bytea@1.0.1: {}

  postgres-date@1.0.7: {}

  postgres-interval@1.2.0:
    dependencies:
      xtend: 4.0.2

  protobufjs@7.6.6:
    dependencies:
      '@protobufjs/aspromise': 1.1.2
      '@protobufjs/base64': 1.1.2
      '@protobufjs/codegen': 2.0.5
      '@protobufjs/eventemitter': 1.1.1
      '@protobufjs/fetch': 1.1.1
      '@protobufjs/float': 1.0.2
      '@protobufjs/path': 1.1.2
      '@protobufjs/pool': 1.1.0
      '@protobufjs/utf8': 1.1.2
      '@types/node': 22.20.2
      long: 5.3.2

  re2js@2.8.6: {}

  require-directory@2.1.1: {}

  resolve@1.22.12:
    dependencies:
      es-errors: 1.3.0
      is-core-module: 2.16.2
      path-parse: 1.0.7
      supports-preserve-symlinks-flag: 1.0.0

  rollup@4.63.3:
    dependencies:
      '@types/estree': 1.0.9
    optionalDependencies:
      '@napi-rs/lzma-linux-x64-gnu': 1.5.1
      '@rollup/rollup-android-arm-eabi': 4.63.3
      '@rollup/rollup-android-arm64': 4.63.3
      '@rollup/rollup-darwin-arm64': 4.63.3
      '@rollup/rollup-darwin-x64': 4.63.3
      '@rollup/rollup-freebsd-arm64': 4.63.3
      '@rollup/rollup-freebsd-x64': 4.63.3
      '@rollup/rollup-linux-arm-gnueabihf': 4.63.3
      '@rollup/rollup-linux-arm-musleabihf': 4.63.3
      '@rollup/rollup-linux-arm64-gnu': 4.63.3
      '@rollup/rollup-linux-arm64-musl': 4.63.3
      '@rollup/rollup-linux-loong64-gnu': 4.63.3
      '@rollup/rollup-linux-loong64-musl': 4.63.3
      '@rollup/rollup-linux-ppc64-gnu': 4.63.3
      '@rollup/rollup-linux-ppc64-musl': 4.63.3
      '@rollup/rollup-linux-riscv64-gnu': 4.63.3
      '@rollup/rollup-linux-riscv64-musl': 4.63.3
      '@rollup/rollup-linux-s390x-gnu': 4.63.3
      '@rollup/rollup-linux-x64-gnu': 4.63.3
      '@rollup/rollup-linux-x64-musl': 4.63.3
      '@rollup/rollup-openbsd-x64': 4.63.3
      '@rollup/rollup-openharmony-arm64': 4.63.3
      '@rollup/rollup-win32-arm64-msvc': 4.63.3
      '@rollup/rollup-win32-ia32-msvc': 4.63.3
      '@rollup/rollup-win32-x64-gnu': 4.63.3
      '@rollup/rollup-win32-x64-msvc': 4.63.3
      fsevents: 2.3.3

  safe-buffer@5.2.1: {}

  split2@4.2.0: {}

  string-width@4.2.3:
    dependencies:
      emoji-regex: 8.0.0
      is-fullwidth-code-point: 3.0.0
      strip-ansi: 6.0.1

  strip-ansi@6.0.1:
    dependencies:
      ansi-regex: 5.0.1

  supports-preserve-symlinks-flag@1.0.0: {}

  tslib@2.8.1: {}

  undici-types@6.21.0: {}

  web-vitals@4.2.4: {}

  websocket-driver@0.7.5:
    dependencies:
      http-parser-js: 0.5.10
      safe-buffer: 5.2.1
      websocket-extensions: 0.1.4

  websocket-extensions@0.1.4: {}

  wrap-ansi@7.0.0:
    dependencies:
      ansi-styles: 4.3.0
      string-width: 4.2.3
      strip-ansi: 6.0.1

  xtend@4.0.2: {}

  y18n@5.0.8: {}

  yargs-parser@21.1.1: {}

  yargs@17.7.3:
    dependencies:
      cliui: 8.0.1
      escalade: 3.2.0
      get-caller-file: 2.0.5
      require-directory: 2.1.1
      string-width: 4.2.3
      y18n: 5.0.8
      yargs-parser: 21.1.1
